
Microsoft Visual Studio Solution File, Format Version 12.00
# Visual Studio Version 17
VisualStudioVersion = 17.0.32112.339
MinimumVisualStudioVersion = 10.0.40219.1
Project("{FAE04EC0-301F-11D3-BF4B-00C04F79EFBC}") = "my-books", "my-books\my-books.csproj", "{0F073F75-3831-4207-8603-20402A06B5A0}"
EndProject
Global
	GlobalSection(SolutionConfigurationPlatforms) = preSolution
		Debug|Any CPU = Debug|Any CPU
		Release|Any CPU = Release|Any CPU
	EndGlobalSection
	GlobalSection(ProjectConfigurationPlatforms) = postSolution
		{0F073F75-3831-4207-8603-20402A06B5A0}.Debug|Any CPU.ActiveCfg = Debug|Any CPU
		{0F073F75-3831-4207-8603-20402A06B5A0}.Debug|Any CPU.Build.0 = Debug|Any CPU
		{0F073F75-3831-4207-8603-20402A06B5A0}.Release|Any CPU.ActiveCfg = Release|Any CPU
		{0F073F75-3831-4207-8603-20402A06B5A0}.Release|Any CPU.Build.0 = Release|Any CPU
	EndGlobalSection
	GlobalSection(SolutionProperties) = preSolution
		HideSolutionNode = FALSE
	EndGlobalSection
	GlobalSection(ExtensibilityGlobals) = postSolution
		SolutionGuid = {A24793D3-D685-4C0D-8FD3-290F2BAAB8E9}
	EndGlobalSection
EndGlobal
